// !$*UTF8*$!
{
	archiveVersion = 1;
	classes = {
	};
	objectVersion = 46;
	objects = {

/* Begin PBXBuildFile section */
		DF12E48717009388006C5426 /* main.cpp in Sources */ = {isa = PBXBuildFile; fileRef = DF12E48617009388006C5426 /* main.cpp */; };
		DF12E48917009388006C5426 /* bubble_sort.1 in CopyFiles */ = {isa = PBXBuildFile; fileRef = DF12E48817009388006C5426 /* bubble_sort.1 */; };
/* End PBXBuildFile section */

/* Begin PBXCopyFilesBuildPhase section */
		DF12E48117009388006C5426 /* CopyFiles */ = {
			isa = PBXCopyFilesBuildPhase;
			buildActionMask = 2147483647;
			dstPath = /usr/share/man/man1/;
			dstSubfolderSpec = 0;
			files = (
				DF12E48917009388006C5426 /* bubble_sort.1 in CopyFiles */,
			);
			runOnlyForDeploymentPostprocessing = 1;
		};
/* End PBXCopyFilesBuildPhase section */

/* Begin PBXFileReference section */
		DF12E48317009388006C5426 /* bubble_sort */ = {isa = PBXFileReference; explicitFileType = "compiled.mach-o.executable"; includeInIndex = 0; path = bubble_sort; sourceTree = BUILT_PRODUCTS_DIR; };
		DF12E48617009388006C5426 /* main.cpp */ = {isa = PBXFileReference; lastKnownFileType = sourcecode.cpp.cpp; path = main.cpp; sourceTree = "<group>"; };
		DF12E48817009388006C5426 /* bubble_sort.1 */ = {isa = PBXFileReference; lastKnownFileType = text.man; path = bubble_sort.1; sourceTree = "<group>"; };
/* End PBXFileReference section */

/* Begin PBXFrameworksBuildPhase section */
		DF12E48017009388006C5426 /* Frameworks */ = {
			isa = PBXFrameworksBuildPhase;
			buildActionMask = 2147483647;
			files = (
			);
			runOnlyForDeploymentPostprocessing = 0;
		};
/* End PBXFrameworksBuildPhase section */

/* Begin PBXGroup section */
		DF12E47A17009388006C5426 = {
			isa = PBXGroup;
			children = (
				DF12E48517009388006C5426 /* bubble_sort */,
				DF12E48417009388006C5426 /* Products */,
			);
			sourceTree = "<group>";
		};
		DF12E48417009388006C5426 /* Products */ = {
			isa = PBXGroup;
			children = (
				DF12E48317009388006C5426 /* bubble_sort */,
			);
			name = Products;
			sourceTree = "<group>";
		};
		DF12E48517009388006C5426 /* bubble_sort */ = {
			isa = PBXGroup;
			children = (
				DF12E48617009388006C5426 /* main.cpp */,
				DF12E48817009388006C5426 /* bubble_sort.1 */,
			);
			path = bubble_sort;
			sourceTree = "<group>";
		};
/* End PBXGroup section */

/* Begin PBXNativeTarget section */
		DF12E48217009388006C5426 /* bubble_sort */ = {
			isa = PBXNativeTarget;
			buildConfigurationList = DF12E48C17009388006C5426 /* Build configuration list for PBXNativeTarget "bubble_sort" */;
			buildPhases = (
				DF12E47F17009388006C5426 /* Sources */,
				DF12E48017009388006C5426 /* Frameworks */,
				DF12E48117009388006C5426 /* CopyFiles */,
			);
			buildRules = (
			);
			dependencies = (
			);
			name = bubble_sort;
			productName = bubble_sort;
			productReference = DF12E48317009388006C5426 /* bubble_sort */;
			productType = "com.apple.product-type.tool";
		};
/* End PBXNativeTarget section */

/* Begin PBXProject section */
		DF12E47B17009388006C5426 /* Project object */ = {
			isa = PBXProject;
			attributes = {
				LastUpgradeCheck = 0460;
				ORGANIZATIONNAME = iseki;
			};
			buildConfigurationList = DF12E47E17009388006C5426 /* Build configuration list for PBXProject "bubble_sort" */;
			compatibilityVersion = "Xcode 3.2";
			developmentRegion = English;
			hasScannedForEncodings = 0;
			knownRegions = (
				en,
			);
			mainGroup = DF12E47A17009388006C5426;
			productRefGroup = DF12E48417009388006C5426 /* Products */;
			projectDirPath = "";
			projectRoot = "";
			targets = (
				DF12E48217009388006C5426 /* bubble_sort */,
			);
		};
/* End PBXProject section */

/* Begin PBXSourcesBuildPhase section */
		DF12E47F17009388006C5426 /* Sources */ = {
			isa = PBXSourcesBuildPhase;
			buildActionMask = 2147483647;
			files = (
				DF12E48717009388006C5426 /* main.cpp in Sources */,
			);
			runOnlyForDeploymentPostprocessing = 0;
		};
/* End PBXSourcesBuildPhase section */

/* Begin XCBuildConfiguration section */
		DF12E48A17009388006C5426 /* Debug */ = {
			isa = XCBuildConfiguration;
			buildSettings = {
				ALWAYS_SEARCH_USER_PATHS = NO;
				ARCHS = "$(ARCHS_STANDARD_64_BIT)";
				CLANG_CXX_LANGUAGE_STANDARD = "gnu++0x";
				CLANG_CXX_LIBRARY = "libc++";
				CLANG_ENABLE_OBJC_ARC = YES;
				CLANG_WARN_CONSTANT_CONVERSION = YES;
				CLANG_WARN_EMPTY_BODY = YES;
				CLANG_WARN_ENUM_CONVERSION = YES;
				CLANG_WARN_INT_CONVERSION = YES;
				CLANG_WARN__DUPLICATE_METHOD_MATCH = YES;
				COPY_PHASE_STRIP = NO;
				GCC_C_LANGUAGE_STANDARD = gnu99;
				GCC_DYNAMIC_NO_PIC = NO;
				GCC_ENABLE_OBJC_EXCEPTIONS = YES;
				GCC_OPTIMIZATION_LEVEL = 0;
				GCC_PREPROCESSOR_DEFINITIONS = (
					"DEBUG=1",
					"$(inherited)",
				);
				GCC_SYMBOLS_PRIVATE_EXTERN = NO;
				GCC_WARN_64_TO_32_BIT_CONVERSION = YES;
				GCC_WARN_ABOUT_RETURN_TYPE = YES;
				GCC_WARN_UNINITIALIZED_AUTOS = YES;
				GCC_WARN_UNUSED_VARIABLE = YES;
				MACOSX_DEPLOYMENT_TARGET = 10.8;
				ONLY_ACTIVE_ARCH = YES;
				SDKROOT = macosx;
			};
			name = Debug;
		};
		DF12E48B17009388006C5426 /* Release */ = {
			isa = XCBuildConfiguration;
			buildSettings = {
				ALWAYS_SEARCH_USER_PATHS = NO;
				ARCHS = "$(ARCHS_STANDARD_64_BIT)";
				CLANG_CXX_LANGUAGE_STANDARD = "gnu++0x";
				CLANG_CXX_LIBRARY = "libc++";
				CLANG_ENABLE_OBJC_ARC = YES;
				CLANG_WARN_CONSTANT_CONVERSION = YES;
				CLANG_WARN_EMPTY_BODY = YES;
				CLANG_WARN_ENUM_CONVERSION = YES;
				CLANG_WARN_INT_CONVERSION = YES;
				CLANG_WARN__DUPLICATE_METHOD_MATCH = YES;
				COPY_PHASE_STRIP = YES;
				DEBUG_INFORMATION_FORMAT = "dwarf-with-dsym";
				GCC_C_LANGUAGE_STANDARD = gnu99;
				GCC_ENABLE_OBJC_EXCEPTIONS = YES;
				GCC_WARN_64_TO_32_BIT_CONVERSION = YES;
				GCC_WARN_ABOUT_RETURN_TYPE = YES;
				GCC_WARN_UNINITIALIZED_AUTOS = YES;
				GCC_WARN_UNUSED_VARIABLE = YES;
				MACOSX_DEPLOYMENT_TARGET = 10.8;
				SDKROOT = macosx;
			};
			name = Release;
		};
		DF12E48D17009388006C5426 /* Debug */ = {
			isa = XCBuildConfiguration;
			buildSettings = {
				PRODUCT_NAME = "$(TARGET_NAME)";
			};
			name = Debug;
		};
		DF12E48E17009388006C5426 /* Release */ = {
			isa = XCBuildConfiguration;
			buildSettings = {
				PRODUCT_NAME = "$(TARGET_NAME)";
			};
			name = Release;
		};
/* End XCBuildConfiguration section */

/* Begin XCConfigurationList section */
		DF12E47E17009388006C5426 /* Build configuration list for PBXProject "bubble_sort" */ = {
			isa = XCConfigurationList;
			buildConfigurations = (
				DF12E48A17009388006C5426 /* Debug */,
				DF12E48B17009388006C5426 /* Release */,
			);
			defaultConfigurationIsVisible = 0;
			defaultConfigurationName = Release;
		};
		DF12E48C17009388006C5426 /* Build configuration list for PBXNativeTarget "bubble_sort" */ = {
			isa = XCConfigurationList;
			buildConfigurations = (
				DF12E48D17009388006C5426 /* Debug */,
				DF12E48E17009388006C5426 /* Release */,
			);
			defaultConfigurationIsVisible = 0;
		};
/* End XCConfigurationList section */
	};
	rootObject = DF12E47B17009388006C5426 /* Project object */;
}
